// !$*UTF8*$!
{
	archiveVersion = 1;
	classes = {
	};
	objectVersion = 56;
	objects = {

/* Begin PBXBuildFile section */
		CF2DC1672A89DAEE004E88C2 /* SDWebImage in Frameworks */ = {isa = PBXBuildFile; productRef = CF2DC1662A89DAEE004E88C2 /* SDWebImage */; };
		CF61E8222A88B4DE0046BA30 /* AppDelegate.swift in Sources */ = {isa = PBXBuildFile; fileRef = CF61E8212A88B4DE0046BA30 /* AppDelegate.swift */; };
		CF61E8242A88B4DE0046BA30 /* SceneDelegate.swift in Sources */ = {isa = PBXBuildFile; fileRef = CF61E8232A88B4DE0046BA30 /* SceneDelegate.swift */; };
		CF61E82C2A88B4DE0046BA30 /* WeatherApp.xcdatamodeld in Sources */ = {isa = PBXBuildFile; fileRef = CF61E82A2A88B4DE0046BA30 /* WeatherApp.xcdatamodeld */; };
		CF61E82E2A88B4DE0046BA30 /* Assets.xcassets in Resources */ = {isa = PBXBuildFile; fileRef = CF61E82D2A88B4DE0046BA30 /* Assets.xcassets */; };
		CF61E8312A88B4DE0046BA30 /* LaunchScreen.storyboard in Resources */ = {isa = PBXBuildFile; fileRef = CF61E82F2A88B4DE0046BA30 /* LaunchScreen.storyboard */; };
		CF61E83F2A88B6360046BA30 /* Scene.swift in Sources */ = {isa = PBXBuildFile; fileRef = CF61E83E2A88B6360046BA30 /* Scene.swift */; };
		CF61E8412A88B6EE0046BA30 /* WeatherViewController.swift in Sources */ = {isa = PBXBuildFile; fileRef = CF61E8402A88B6EE0046BA30 /* WeatherViewController.swift */; };
		CF61E8432A88B7240046BA30 /* SearchLocationViewController.swift in Sources */ = {isa = PBXBuildFile; fileRef = CF61E8422A88B7240046BA30 /* SearchLocationViewController.swift */; };
		CF61E8452A88B7840046BA30 /* TransitionModel.swift in Sources */ = {isa = PBXBuildFile; fileRef = CF61E8442A88B7840046BA30 /* TransitionModel.swift */; };
		CF61E8472A88B7E70046BA30 /* ViewModelBindableType.swift in Sources */ = {isa = PBXBuildFile; fileRef = CF61E8462A88B7E70046BA30 /* ViewModelBindableType.swift */; };
		CF61E8492A88B8730046BA30 /* WeatherViewModel.swift in Sources */ = {isa = PBXBuildFile; fileRef = CF61E8482A88B8730046BA30 /* WeatherViewModel.swift */; };
		CF61E84B2A88B89B0046BA30 /* SearchLocationViewModel.swift in Sources */ = {isa = PBXBuildFile; fileRef = CF61E84A2A88B89B0046BA30 /* SearchLocationViewModel.swift */; };
		CF61E84D2A88B9CE0046BA30 /* SceneCoordinatorType.swift in Sources */ = {isa = PBXBuildFile; fileRef = CF61E84C2A88B9CE0046BA30 /* SceneCoordinatorType.swift */; };
		CF61E8502A88B9E70046BA30 /* RxCocoa in Frameworks */ = {isa = PBXBuildFile; productRef = CF61E84F2A88B9E70046BA30 /* RxCocoa */; };
		CF61E8522A88B9E70046BA30 /* RxRelay in Frameworks */ = {isa = PBXBuildFile; productRef = CF61E8512A88B9E70046BA30 /* RxRelay */; };
		CF61E8542A88B9E70046BA30 /* RxSwift in Frameworks */ = {isa = PBXBuildFile; productRef = CF61E8532A88B9E70046BA30 /* RxSwift */; };
		CF61E8562A88BA670046BA30 /* SceneCoordinator.swift in Sources */ = {isa = PBXBuildFile; fileRef = CF61E8552A88BA670046BA30 /* SceneCoordinator.swift */; };
		CF61E8612A88C3570046BA30 /* RxDataSources in Frameworks */ = {isa = PBXBuildFile; productRef = CF61E8602A88C3570046BA30 /* RxDataSources */; };
		CF61E8632A88C38C0046BA30 /* Forecast.swift in Sources */ = {isa = PBXBuildFile; fileRef = CF61E8622A88C38C0046BA30 /* Forecast.swift */; };
		CF61E8652A88C4460046BA30 /* CurrentWeather.swift in Sources */ = {isa = PBXBuildFile; fileRef = CF61E8642A88C4460046BA30 /* CurrentWeather.swift */; };
		CF61E8672A88C51F0046BA30 /* WeatherDataType.swift in Sources */ = {isa = PBXBuildFile; fileRef = CF61E8662A88C51F0046BA30 /* WeatherDataType.swift */; };
		CF61E8692A88C52C0046BA30 /* WeatherData.swift in Sources */ = {isa = PBXBuildFile; fileRef = CF61E8682A88C52C0046BA30 /* WeatherData.swift */; };
		CF61E86B2A88C5BA0046BA30 /* Constants.swift in Sources */ = {isa = PBXBuildFile; fileRef = CF61E86A2A88C5BA0046BA30 /* Constants.swift */; };
		CF61E86E2A88C6740046BA30 /* CLLocation+HotPlace.swift in Sources */ = {isa = PBXBuildFile; fileRef = CF61E86D2A88C6740046BA30 /* CLLocation+HotPlace.swift */; };
		CF61E8702A88C6930046BA30 /* WeatherApiType.swift in Sources */ = {isa = PBXBuildFile; fileRef = CF61E86F2A88C6930046BA30 /* WeatherApiType.swift */; };
		CF61E8722A88C70F0046BA30 /* WeatherApi.swift in Sources */ = {isa = PBXBuildFile; fileRef = CF61E8712A88C70F0046BA30 /* WeatherApi.swift */; };
		CF61E8742A88CC060046BA30 /* CommonViewModel.swift in Sources */ = {isa = PBXBuildFile; fileRef = CF61E8732A88CC060046BA30 /* CommonViewModel.swift */; };
		CF61E8762A88CC550046BA30 /* LocationProviderType.swift in Sources */ = {isa = PBXBuildFile; fileRef = CF61E8752A88CC550046BA30 /* LocationProviderType.swift */; };
		CF61E8782A88CCBB0046BA30 /* StaticLocationProvider.swift in Sources */ = {isa = PBXBuildFile; fileRef = CF61E8772A88CCBB0046BA30 /* StaticLocationProvider.swift */; };
		CF61E87F2A88DE700046BA30 /* CurrentWeatherCell.swift in Sources */ = {isa = PBXBuildFile; fileRef = CF61E87E2A88DE700046BA30 /* CurrentWeatherCell.swift */; };
		CF61E8822A88DF430046BA30 /* SnapKit in Frameworks */ = {isa = PBXBuildFile; productRef = CF61E8812A88DF430046BA30 /* SnapKit */; };
		CF61E8842A88E43A0046BA30 /* ForecastHourlyCell.swift in Sources */ = {isa = PBXBuildFile; fileRef = CF61E8832A88E43A0046BA30 /* ForecastHourlyCell.swift */; };
		CF61E8862A88E60C0046BA30 /* UIImage+Weather.swift in Sources */ = {isa = PBXBuildFile; fileRef = CF61E8852A88E60C0046BA30 /* UIImage+Weather.swift */; };
		CF61E8882A88E66C0046BA30 /* ForecastDailyCell.swift in Sources */ = {isa = PBXBuildFile; fileRef = CF61E8872A88E66C0046BA30 /* ForecastDailyCell.swift */; };
/* End PBXBuildFile section */

/* Begin PBXFileReference section */
		CF61E81E2A88B4DE0046BA30 /* WeatherApp.app */ = {isa = PBXFileReference; explicitFileType = wrapper.application; includeInIndex = 0; path = WeatherApp.app; sourceTree = BUILT_PRODUCTS_DIR; };
		CF61E8212A88B4DE0046BA30 /* AppDelegate.swift */ = {isa = PBXFileReference; lastKnownFileType = sourcecode.swift; path = AppDelegate.swift; sourceTree = "<group>"; };
		CF61E8232A88B4DE0046BA30 /* SceneDelegate.swift */ = {isa = PBXFileReference; lastKnownFileType = sourcecode.swift; path = SceneDelegate.swift; sourceTree = "<group>"; };
		CF61E82B2A88B4DE0046BA30 /* WeatherApp.xcdatamodel */ = {isa = PBXFileReference; lastKnownFileType = wrapper.xcdatamodel; path = WeatherApp.xcdatamodel; sourceTree = "<group>"; };
		CF61E82D2A88B4DE0046BA30 /* Assets.xcassets */ = {isa = PBXFileReference; lastKnownFileType = folder.assetcatalog; path = Assets.xcassets; sourceTree = "<group>"; };
		CF61E8302A88B4DE0046BA30 /* Base */ = {isa = PBXFileReference; lastKnownFileType = file.storyboard; name = Base; path = Base.lproj/LaunchScreen.storyboard; sourceTree = "<group>"; };
		CF61E8322A88B4DE0046BA30 /* Info.plist */ = {isa = PBXFileReference; lastKnownFileType = text.plist.xml; path = Info.plist; sourceTree = "<group>"; };
		CF61E83E2A88B6360046BA30 /* Scene.swift */ = {isa = PBXFileReference; lastKnownFileType = sourcecode.swift; path = Scene.swift; sourceTree = "<group>"; };
		CF61E8402A88B6EE0046BA30 /* WeatherViewController.swift */ = {isa = PBXFileReference; lastKnownFileType = sourcecode.swift; path = WeatherViewController.swift; sourceTree = "<group>"; };
		CF61E8422A88B7240046BA30 /* SearchLocationViewController.swift */ = {isa = PBXFileReference; lastKnownFileType = sourcecode.swift; path = SearchLocationViewController.swift; sourceTree = "<group>"; };
		CF61E8442A88B7840046BA30 /* TransitionModel.swift */ = {isa = PBXFileReference; lastKnownFileType = sourcecode.swift; path = TransitionModel.swift; sourceTree = "<group>"; };
		CF61E8462A88B7E70046BA30 /* ViewModelBindableType.swift */ = {isa = PBXFileReference; lastKnownFileType = sourcecode.swift; path = ViewModelBindableType.swift; sourceTree = "<group>"; };
		CF61E8482A88B8730046BA30 /* WeatherViewModel.swift */ = {isa = PBXFileReference; lastKnownFileType = sourcecode.swift; path = WeatherViewModel.swift; sourceTree = "<group>"; };
		CF61E84A2A88B89B0046BA30 /* SearchLocationViewModel.swift */ = {isa = PBXFileReference; lastKnownFileType = sourcecode.swift; path = SearchLocationViewModel.swift; sourceTree = "<group>"; };
		CF61E84C2A88B9CE0046BA30 /* SceneCoordinatorType.swift */ = {isa = PBXFileReference; lastKnownFileType = sourcecode.swift; path = SceneCoordinatorType.swift; sourceTree = "<group>"; };
		CF61E8552A88BA670046BA30 /* SceneCoordinator.swift */ = {isa = PBXFileReference; lastKnownFileType = sourcecode.swift; path = SceneCoordinator.swift; sourceTree = "<group>"; };
		CF61E8622A88C38C0046BA30 /* Forecast.swift */ = {isa = PBXFileReference; lastKnownFileType = sourcecode.swift; path = Forecast.swift; sourceTree = "<group>"; };
		CF61E8642A88C4460046BA30 /* CurrentWeather.swift */ = {isa = PBXFileReference; lastKnownFileType = sourcecode.swift; path = CurrentWeather.swift; sourceTree = "<group>"; };
		CF61E8662A88C51F0046BA30 /* WeatherDataType.swift */ = {isa = PBXFileReference; lastKnownFileType = sourcecode.swift; path = WeatherDataType.swift; sourceTree = "<group>"; };
		CF61E8682A88C52C0046BA30 /* WeatherData.swift */ = {isa = PBXFileReference; lastKnownFileType = sourcecode.swift; path = WeatherData.swift; sourceTree = "<group>"; };
		CF61E86A2A88C5BA0046BA30 /* Constants.swift */ = {isa = PBXFileReference; lastKnownFileType = sourcecode.swift; path = Constants.swift; sourceTree = "<group>"; };
		CF61E86D2A88C6740046BA30 /* CLLocation+HotPlace.swift */ = {isa = PBXFileReference; lastKnownFileType = sourcecode.swift; path = "CLLocation+HotPlace.swift"; sourceTree = "<group>"; };
		CF61E86F2A88C6930046BA30 /* WeatherApiType.swift */ = {isa = PBXFileReference; lastKnownFileType = sourcecode.swift; path = WeatherApiType.swift; sourceTree = "<group>"; };
		CF61E8712A88C70F0046BA30 /* WeatherApi.swift */ = {isa = PBXFileReference; lastKnownFileType = sourcecode.swift; path = WeatherApi.swift; sourceTree = "<group>"; };
		CF61E8732A88CC060046BA30 /* CommonViewModel.swift */ = {isa = PBXFileReference; lastKnownFileType = sourcecode.swift; path = CommonViewModel.swift; sourceTree = "<group>"; };
		CF61E8752A88CC550046BA30 /* LocationProviderType.swift */ = {isa = PBXFileReference; lastKnownFileType = sourcecode.swift; path = LocationProviderType.swift; sourceTree = "<group>"; };
		CF61E8772A88CCBB0046BA30 /* StaticLocationProvider.swift */ = {isa = PBXFileReference; lastKnownFileType = sourcecode.swift; path = StaticLocationProvider.swift; sourceTree = "<group>"; };
		CF61E87E2A88DE700046BA30 /* CurrentWeatherCell.swift */ = {isa = PBXFileReference; lastKnownFileType = sourcecode.swift; path = CurrentWeatherCell.swift; sourceTree = "<group>"; };
		CF61E8832A88E43A0046BA30 /* ForecastHourlyCell.swift */ = {isa = PBXFileReference; lastKnownFileType = sourcecode.swift; path = ForecastHourlyCell.swift; sourceTree = "<group>"; };
		CF61E8852A88E60C0046BA30 /* UIImage+Weather.swift */ = {isa = PBXFileReference; lastKnownFileType = sourcecode.swift; path = "UIImage+Weather.swift"; sourceTree = "<group>"; };
		CF61E8872A88E66C0046BA30 /* ForecastDailyCell.swift */ = {isa = PBXFileReference; lastKnownFileType = sourcecode.swift; path = ForecastDailyCell.swift; sourceTree = "<group>"; };
/* End PBXFileReference section */

/* Begin PBXFrameworksBuildPhase section */
		CF61E81B2A88B4DE0046BA30 /* Frameworks */ = {
			isa = PBXFrameworksBuildPhase;
			buildActionMask = 2147483647;
			files = (
				CF2DC1672A89DAEE004E88C2 /* SDWebImage in Frameworks */,
				CF61E8542A88B9E70046BA30 /* RxSwift in Frameworks */,
				CF61E8612A88C3570046BA30 /* RxDataSources in Frameworks */,
				CF61E8522A88B9E70046BA30 /* RxRelay in Frameworks */,
				CF61E8502A88B9E70046BA30 /* RxCocoa in Frameworks */,
				CF61E8822A88DF430046BA30 /* SnapKit in Frameworks */,
			);
			runOnlyForDeploymentPostprocessing = 0;
		};
/* End PBXFrameworksBuildPhase section */

/* Begin PBXGroup section */
		CF61E8152A88B4DE0046BA30 = {
			isa = PBXGroup;
			children = (
				CF61E8202A88B4DE0046BA30 /* WeatherApp */,
				CF61E81F2A88B4DE0046BA30 /* Products */,
			);
			sourceTree = "<group>";
		};
		CF61E81F2A88B4DE0046BA30 /* Products */ = {
			isa = PBXGroup;
			children = (
				CF61E81E2A88B4DE0046BA30 /* WeatherApp.app */,
			);
			name = Products;
			sourceTree = "<group>";
		};
		CF61E8202A88B4DE0046BA30 /* WeatherApp */ = {
			isa = PBXGroup;
			children = (
				CF61E83D2A88B5820046BA30 /* App */,
				CF61E8382A88B53C0046BA30 /* Scene */,
				CF61E8392A88B54F0046BA30 /* Service */,
				CF61E83A2A88B5570046BA30 /* Model */,
				CF61E83B2A88B55A0046BA30 /* View */,
				CF61E83C2A88B55F0046BA30 /* ViewModel */,
				CF61E86C2A88C6630046BA30 /* Extension */,
				CF61E82D2A88B4DE0046BA30 /* Assets.xcassets */,
				CF61E82F2A88B4DE0046BA30 /* LaunchScreen.storyboard */,
				CF61E8322A88B4DE0046BA30 /* Info.plist */,
				CF61E82A2A88B4DE0046BA30 /* WeatherApp.xcdatamodeld */,
			);
			path = WeatherApp;
			sourceTree = "<group>";
		};
		CF61E8382A88B53C0046BA30 /* Scene */ = {
			isa = PBXGroup;
			children = (
				CF61E83E2A88B6360046BA30 /* Scene.swift */,
				CF61E8442A88B7840046BA30 /* TransitionModel.swift */,
				CF61E84C2A88B9CE0046BA30 /* SceneCoordinatorType.swift */,
				CF61E8552A88BA670046BA30 /* SceneCoordinator.swift */,
			);
			path = Scene;
			sourceTree = "<group>";
		};
		CF61E8392A88B54F0046BA30 /* Service */ = {
			isa = PBXGroup;
			children = (
				CF61E86A2A88C5BA0046BA30 /* Constants.swift */,
				CF61E86F2A88C6930046BA30 /* WeatherApiType.swift */,
				CF61E8712A88C70F0046BA30 /* WeatherApi.swift */,
				CF61E8752A88CC550046BA30 /* LocationProviderType.swift */,
				CF61E8772A88CCBB0046BA30 /* StaticLocationProvider.swift */,
			);
			path = Service;
			sourceTree = "<group>";
		};
		CF61E83A2A88B5570046BA30 /* Model */ = {
			isa = PBXGroup;
			children = (
				CF61E8622A88C38C0046BA30 /* Forecast.swift */,
				CF61E8642A88C4460046BA30 /* CurrentWeather.swift */,
				CF61E8662A88C51F0046BA30 /* WeatherDataType.swift */,
				CF61E8682A88C52C0046BA30 /* WeatherData.swift */,
			);
			path = Model;
			sourceTree = "<group>";
		};
		CF61E83B2A88B55A0046BA30 /* View */ = {
			isa = PBXGroup;
			children = (
				CF61E87D2A88DE550046BA30 /* Cell */,
				CF61E8402A88B6EE0046BA30 /* WeatherViewController.swift */,
				CF61E8422A88B7240046BA30 /* SearchLocationViewController.swift */,
			);
			path = View;
			sourceTree = "<group>";
		};
		CF61E83C2A88B55F0046BA30 /* ViewModel */ = {
			isa = PBXGroup;
			children = (
				CF61E8482A88B8730046BA30 /* WeatherViewModel.swift */,
				CF61E84A2A88B89B0046BA30 /* SearchLocationViewModel.swift */,
				CF61E8732A88CC060046BA30 /* CommonViewModel.swift */,
				CF61E8462A88B7E70046BA30 /* ViewModelBindableType.swift */,
			);
			path = ViewModel;
			sourceTree = "<group>";
		};
		CF61E83D2A88B5820046BA30 /* App */ = {
			isa = PBXGroup;
			children = (
				CF61E8212A88B4DE0046BA30 /* AppDelegate.swift */,
				CF61E8232A88B4DE0046BA30 /* SceneDelegate.swift */,
			);
			path = App;
			sourceTree = "<group>";
		};
		CF61E86C2A88C6630046BA30 /* Extension */ = {
			isa = PBXGroup;
			children = (
				CF61E86D2A88C6740046BA30 /* CLLocation+HotPlace.swift */,
				CF61E8852A88E60C0046BA30 /* UIImage+Weather.swift */,
			);
			path = Extension;
			sourceTree = "<group>";
		};
		CF61E87D2A88DE550046BA30 /* Cell */ = {
			isa = PBXGroup;
			children = (
				CF61E87E2A88DE700046BA30 /* CurrentWeatherCell.swift */,
				CF61E8832A88E43A0046BA30 /* ForecastHourlyCell.swift */,
				CF61E8872A88E66C0046BA30 /* ForecastDailyCell.swift */,
			);
			path = Cell;
			sourceTree = "<group>";
		};
/* End PBXGroup section */

/* Begin PBXNativeTarget section */
		CF61E81D2A88B4DE0046BA30 /* WeatherApp */ = {
			isa = PBXNativeTarget;
			buildConfigurationList = CF61E8352A88B4DE0046BA30 /* Build configuration list for PBXNativeTarget "WeatherApp" */;
			buildPhases = (
				CF61E81A2A88B4DE0046BA30 /* Sources */,
				CF61E81B2A88B4DE0046BA30 /* Frameworks */,
				CF61E81C2A88B4DE0046BA30 /* Resources */,
			);
			buildRules = (
			);
			dependencies = (
			);
			name = WeatherApp;
			packageProductDependencies = (
				CF61E84F2A88B9E70046BA30 /* RxCocoa */,
				CF61E8512A88B9E70046BA30 /* RxRelay */,
				CF61E8532A88B9E70046BA30 /* RxSwift */,
				CF61E8602A88C3570046BA30 /* RxDataSources */,
				CF61E8812A88DF430046BA30 /* SnapKit */,
				CF2DC1662A89DAEE004E88C2 /* SDWebImage */,
			);
			productName = WeatherApp;
			productReference = CF61E81E2A88B4DE0046BA30 /* WeatherApp.app */;
			productType = "com.apple.product-type.application";
		};
/* End PBXNativeTarget section */

/* Begin PBXProject section */
		CF61E8162A88B4DE0046BA30 /* Project object */ = {
			isa = PBXProject;
			attributes = {
				BuildIndependentTargetsInParallel = 1;
				LastSwiftUpdateCheck = 1430;
				LastUpgradeCheck = 1430;
				TargetAttributes = {
					CF61E81D2A88B4DE0046BA30 = {
						CreatedOnToolsVersion = 14.3.1;
					};
				};
			};
			buildConfigurationList = CF61E8192A88B4DE0046BA30 /* Build configuration list for PBXProject "WeatherApp" */;
			compatibilityVersion = "Xcode 14.0";
			developmentRegion = en;
			hasScannedForEncodings = 0;
			knownRegions = (
				en,
				Base,
			);
			mainGroup = CF61E8152A88B4DE0046BA30;
			packageReferences = (
				CF61E84E2A88B9E70046BA30 /* XCRemoteSwiftPackageReference "RxSwift" */,
				CF61E85F2A88C3570046BA30 /* XCRemoteSwiftPackageReference "RxDataSources" */,
				CF61E8802A88DF430046BA30 /* XCRemoteSwiftPackageReference "SnapKit" */,
				CF2DC1652A89DAEE004E88C2 /* XCRemoteSwiftPackageReference "SDWebImage" */,
			);
			productRefGroup = CF61E81F2A88B4DE0046BA30 /* Products */;
			projectDirPath = "";
			projectRoot = "";
			targets = (
				CF61E81D2A88B4DE0046BA30 /* WeatherApp */,
			);
		};
/* End PBXProject section */

/* Begin PBXResourcesBuildPhase section */
		CF61E81C2A88B4DE0046BA30 /* Resources */ = {
			isa = PBXResourcesBuildPhase;
			buildActionMask = 2147483647;
			files = (
				CF61E8312A88B4DE0046BA30 /* LaunchScreen.storyboard in Resources */,
				CF61E82E2A88B4DE0046BA30 /* Assets.xcassets in Resources */,
			);
			runOnlyForDeploymentPostprocessing = 0;
		};
/* End PBXResourcesBuildPhase section */

/* Begin PBXSourcesBuildPhase section */
		CF61E81A2A88B4DE0046BA30 /* Sources */ = {
			isa = PBXSourcesBuildPhase;
			buildActionMask = 2147483647;
			files = (
				CF61E8672A88C51F0046BA30 /* WeatherDataType.swift in Sources */,
				CF61E8762A88CC550046BA30 /* LocationProviderType.swift in Sources */,
				CF61E86B2A88C5BA0046BA30 /* Constants.swift in Sources */,
				CF61E83F2A88B6360046BA30 /* Scene.swift in Sources */,
				CF61E8882A88E66C0046BA30 /* ForecastDailyCell.swift in Sources */,
				CF61E8492A88B8730046BA30 /* WeatherViewModel.swift in Sources */,
				CF61E8412A88B6EE0046BA30 /* WeatherViewController.swift in Sources */,
				CF61E8562A88BA670046BA30 /* SceneCoordinator.swift in Sources */,
				CF61E84B2A88B89B0046BA30 /* SearchLocationViewModel.swift in Sources */,
				CF61E8692A88C52C0046BA30 /* WeatherData.swift in Sources */,
				CF61E8842A88E43A0046BA30 /* ForecastHourlyCell.swift in Sources */,
				CF61E8862A88E60C0046BA30 /* UIImage+Weather.swift in Sources */,
				CF61E82C2A88B4DE0046BA30 /* WeatherApp.xcdatamodeld in Sources */,
				CF61E8782A88CCBB0046BA30 /* StaticLocationProvider.swift in Sources */,
				CF61E8702A88C6930046BA30 /* WeatherApiType.swift in Sources */,
				CF61E86E2A88C6740046BA30 /* CLLocation+HotPlace.swift in Sources */,
				CF61E8452A88B7840046BA30 /* TransitionModel.swift in Sources */,
				CF61E87F2A88DE700046BA30 /* CurrentWeatherCell.swift in Sources */,
				CF61E8632A88C38C0046BA30 /* Forecast.swift in Sources */,
				CF61E8742A88CC060046BA30 /* CommonViewModel.swift in Sources */,
				CF61E8432A88B7240046BA30 /* SearchLocationViewController.swift in Sources */,
				CF61E8652A88C4460046BA30 /* CurrentWeather.swift in Sources */,
				CF61E84D2A88B9CE0046BA30 /* SceneCoordinatorType.swift in Sources */,
				CF61E8472A88B7E70046BA30 /* ViewModelBindableType.swift in Sources */,
				CF61E8722A88C70F0046BA30 /* WeatherApi.swift in Sources */,
				CF61E8222A88B4DE0046BA30 /* AppDelegate.swift in Sources */,
				CF61E8242A88B4DE0046BA30 /* SceneDelegate.swift in Sources */,
			);
			runOnlyForDeploymentPostprocessing = 0;
		};
/* End PBXSourcesBuildPhase section */

/* Begin PBXVariantGroup section */
		CF61E82F2A88B4DE0046BA30 /* LaunchScreen.storyboard */ = {
			isa = PBXVariantGroup;
			children = (
				CF61E8302A88B4DE0046BA30 /* Base */,
			);
			name = LaunchScreen.storyboard;
			sourceTree = "<group>";
		};
/* End PBXVariantGroup section */

/* Begin XCBuildConfiguration section */
		CF61E8332A88B4DE0046BA30 /* Debug */ = {
			isa = XCBuildConfiguration;
			buildSettings = {
				ALWAYS_SEARCH_USER_PATHS = NO;
				CLANG_ANALYZER_NONNULL = YES;
				CLANG_ANALYZER_NUMBER_OBJECT_CONVERSION = YES_AGGRESSIVE;
				CLANG_CXX_LANGUAGE_STANDARD = "gnu++20";
				CLANG_ENABLE_MODULES = YES;
				CLANG_ENABLE_OBJC_ARC = YES;
				CLANG_ENABLE_OBJC_WEAK = YES;
				CLANG_WARN_BLOCK_CAPTURE_AUTORELEASING = YES;
				CLANG_WARN_BOOL_CONVERSION = YES;
				CLANG_WARN_COMMA = YES;
				CLANG_WARN_CONSTANT_CONVERSION = YES;
				CLANG_WARN_DEPRECATED_OBJC_IMPLEMENTATIONS = YES;
				CLANG_WARN_DIRECT_OBJC_ISA_USAGE = YES_ERROR;
				CLANG_WARN_DOCUMENTATION_COMMENTS = YES;
				CLANG_WARN_EMPTY_BODY = YES;
				CLANG_WARN_ENUM_CONVERSION = YES;
				CLANG_WARN_INFINITE_RECURSION = YES;
				CLANG_WARN_INT_CONVERSION = YES;
				CLANG_WARN_NON_LITERAL_NULL_CONVERSION = YES;
				CLANG_WARN_OBJC_IMPLICIT_RETAIN_SELF = YES;
				CLANG_WARN_OBJC_LITERAL_CONVERSION = YES;
				CLANG_WARN_OBJC_ROOT_CLASS = YES_ERROR;
				CLANG_WARN_QUOTED_INCLUDE_IN_FRAMEWORK_HEADER = YES;
				CLANG_WARN_RANGE_LOOP_ANALYSIS = YES;
				CLANG_WARN_STRICT_PROTOTYPES = YES;
				CLANG_WARN_SUSPICIOUS_MOVE = YES;
				CLANG_WARN_UNGUARDED_AVAILABILITY = YES_AGGRESSIVE;
				CLANG_WARN_UNREACHABLE_CODE = YES;
				CLANG_WARN__DUPLICATE_METHOD_MATCH = YES;
				COPY_PHASE_STRIP = NO;
				DEBUG_INFORMATION_FORMAT = dwarf;
				ENABLE_STRICT_OBJC_MSGSEND = YES;
				ENABLE_TESTABILITY = YES;
				GCC_C_LANGUAGE_STANDARD = gnu11;
				GCC_DYNAMIC_NO_PIC = NO;
				GCC_NO_COMMON_BLOCKS = YES;
				GCC_OPTIMIZATION_LEVEL = 0;
				GCC_PREPROCESSOR_DEFINITIONS = (
					"DEBUG=1",
					"$(inherited)",
				);
				GCC_WARN_64_TO_32_BIT_CONVERSION = YES;
				GCC_WARN_ABOUT_RETURN_TYPE = YES_ERROR;
				GCC_WARN_UNDECLARED_SELECTOR = YES;
				GCC_WARN_UNINITIALIZED_AUTOS = YES_AGGRESSIVE;
				GCC_WARN_UNUSED_FUNCTION = YES;
				GCC_WARN_UNUSED_VARIABLE = YES;
				IPHONEOS_DEPLOYMENT_TARGET = 16.4;
				MTL_ENABLE_DEBUG_INFO = INCLUDE_SOURCE;
				MTL_FAST_MATH = YES;
				ONLY_ACTIVE_ARCH = YES;
				SDKROOT = iphoneos;
				SWIFT_ACTIVE_COMPILATION_CONDITIONS = DEBUG;
				SWIFT_OPTIMIZATION_LEVEL = "-Onone";
			};
			name = Debug;
		};
		CF61E8342A88B4DE0046BA30 /* Release */ = {
			isa = XCBuildConfiguration;
			buildSettings = {
				ALWAYS_SEARCH_USER_PATHS = NO;
				CLANG_ANALYZER_NONNULL = YES;
				CLANG_ANALYZER_NUMBER_OBJECT_CONVERSION = YES_AGGRESSIVE;
				CLANG_CXX_LANGUAGE_STANDARD = "gnu++20";
				CLANG_ENABLE_MODULES = YES;
				CLANG_ENABLE_OBJC_ARC = YES;
				CLANG_ENABLE_OBJC_WEAK = YES;
				CLANG_WARN_BLOCK_CAPTURE_AUTORELEASING = YES;
				CLANG_WARN_BOOL_CONVERSION = YES;
				CLANG_WARN_COMMA = YES;
				CLANG_WARN_CONSTANT_CONVERSION = YES;
				CLANG_WARN_DEPRECATED_OBJC_IMPLEMENTATIONS = YES;
				CLANG_WARN_DIRECT_OBJC_ISA_USAGE = YES_ERROR;
				CLANG_WARN_DOCUMENTATION_COMMENTS = YES;
				CLANG_WARN_EMPTY_BODY = YES;
				CLANG_WARN_ENUM_CONVERSION = YES;
				CLANG_WARN_INFINITE_RECURSION = YES;
				CLANG_WARN_INT_CONVERSION = YES;
				CLANG_WARN_NON_LITERAL_NULL_CONVERSION = YES;
				CLANG_WARN_OBJC_IMPLICIT_RETAIN_SELF = YES;
				CLANG_WARN_OBJC_LITERAL_CONVERSION = YES;
				CLANG_WARN_OBJC_ROOT_CLASS = YES_ERROR;
				CLANG_WARN_QUOTED_INCLUDE_IN_FRAMEWORK_HEADER = YES;
				CLANG_WARN_RANGE_LOOP_ANALYSIS = YES;
				CLANG_WARN_STRICT_PROTOTYPES = YES;
				CLANG_WARN_SUSPICIOUS_MOVE = YES;
				CLANG_WARN_UNGUARDED_AVAILABILITY = YES_AGGRESSIVE;
				CLANG_WARN_UNREACHABLE_CODE = YES;
				CLANG_WARN__DUPLICATE_METHOD_MATCH = YES;
				COPY_PHASE_STRIP = NO;
				DEBUG_INFORMATION_FORMAT = "dwarf-with-dsym";
				ENABLE_NS_ASSERTIONS = NO;
				ENABLE_STRICT_OBJC_MSGSEND = YES;
				GCC_C_LANGUAGE_STANDARD = gnu11;
				GCC_NO_COMMON_BLOCKS = YES;
				GCC_WARN_64_TO_32_BIT_CONVERSION = YES;
				GCC_WARN_ABOUT_RETURN_TYPE = YES_ERROR;
				GCC_WARN_UNDECLARED_SELECTOR = YES;
				GCC_WARN_UNINITIALIZED_AUTOS = YES_AGGRESSIVE;
				GCC_WARN_UNUSED_FUNCTION = YES;
				GCC_WARN_UNUSED_VARIABLE = YES;
				IPHONEOS_DEPLOYMENT_TARGET = 16.4;
				MTL_ENABLE_DEBUG_INFO = NO;
				MTL_FAST_MATH = YES;
				SDKROOT = iphoneos;
				SWIFT_COMPILATION_MODE = wholemodule;
				SWIFT_OPTIMIZATION_LEVEL = "-O";
				VALIDATE_PRODUCT = YES;
			};
			name = Release;
		};
		CF61E8362A88B4DE0046BA30 /* Debug */ = {
			isa = XCBuildConfiguration;
			buildSettings = {
				ASSETCATALOG_COMPILER_APPICON_NAME = AppIcon;
				ASSETCATALOG_COMPILER_GLOBAL_ACCENT_COLOR_NAME = AccentColor;
				CODE_SIGN_STYLE = Automatic;
				CURRENT_PROJECT_VERSION = 1;
				DEVELOPMENT_TEAM = EX6G2VC9J8;
				GENERATE_INFOPLIST_FILE = YES;
				INFOPLIST_FILE = WeatherApp/Info.plist;
				INFOPLIST_KEY_UIApplicationSupportsIndirectInputEvents = YES;
				INFOPLIST_KEY_UILaunchStoryboardName = LaunchScreen;
				INFOPLIST_KEY_UISupportedInterfaceOrientations_iPad = "UIInterfaceOrientationPortrait UIInterfaceOrientationPortraitUpsideDown UIInterfaceOrientationLandscapeLeft UIInterfaceOrientationLandscapeRight";
				INFOPLIST_KEY_UISupportedInterfaceOrientations_iPhone = "UIInterfaceOrientationPortrait UIInterfaceOrientationLandscapeLeft UIInterfaceOrientationLandscapeRight";
				INFOPLIST_KEY_UIUserInterfaceStyle = Light;
				IPHONEOS_DEPLOYMENT_TARGET = 15.0;
				LD_RUNPATH_SEARCH_PATHS = (
					"$(inherited)",
					"@executable_path/Frameworks",
				);
				MARKETING_VERSION = 1.0;
				PRODUCT_BUNDLE_IDENTIFIER = com.dldmswo1209.WeatherApp;
				PRODUCT_NAME = "$(TARGET_NAME)";
				SUPPORTED_PLATFORMS = "iphoneos iphonesimulator";
				SUPPORTS_MACCATALYST = NO;
				SUPPORTS_MAC_DESIGNED_FOR_IPHONE_IPAD = NO;
				SWIFT_EMIT_LOC_STRINGS = YES;
				SWIFT_VERSION = 5.0;
				TARGETED_DEVICE_FAMILY = "1,2";
			};
			name = Debug;
		};
		CF61E8372A88B4DE0046BA30 /* Release */ = {
			isa = XCBuildConfiguration;
			buildSettings = {
				ASSETCATALOG_COMPILER_APPICON_NAME = AppIcon;
				ASSETCATALOG_COMPILER_GLOBAL_ACCENT_COLOR_NAME = AccentColor;
				CODE_SIGN_STYLE = Automatic;
				CURRENT_PROJECT_VERSION = 1;
				DEVELOPMENT_TEAM = EX6G2VC9J8;
				GENERATE_INFOPLIST_FILE = YES;
				INFOPLIST_FILE = WeatherApp/Info.plist;
				INFOPLIST_KEY_UIApplicationSupportsIndirectInputEvents = YES;
				INFOPLIST_KEY_UILaunchStoryboardName = LaunchScreen;
				INFOPLIST_KEY_UISupportedInterfaceOrientations_iPad = "UIInterfaceOrientationPortrait UIInterfaceOrientationPortraitUpsideDown UIInterfaceOrientationLandscapeLeft UIInterfaceOrientationLandscapeRight";
				INFOPLIST_KEY_UISupportedInterfaceOrientations_iPhone = "UIInterfaceOrientationPortrait UIInterfaceOrientationLandscapeLeft UIInterfaceOrientationLandscapeRight";
				INFOPLIST_KEY_UIUserInterfaceStyle = Light;
				IPHONEOS_DEPLOYMENT_TARGET = 15.0;
				LD_RUNPATH_SEARCH_PATHS = (
					"$(inherited)",
					"@executable_path/Frameworks",
				);
				MARKETING_VERSION = 1.0;
				PRODUCT_BUNDLE_IDENTIFIER = com.dldmswo1209.WeatherApp;
				PRODUCT_NAME = "$(TARGET_NAME)";
				SUPPORTED_PLATFORMS = "iphoneos iphonesimulator";
				SUPPORTS_MACCATALYST = NO;
				SUPPORTS_MAC_DESIGNED_FOR_IPHONE_IPAD = NO;
				SWIFT_EMIT_LOC_STRINGS = YES;
				SWIFT_VERSION = 5.0;
				TARGETED_DEVICE_FAMILY = "1,2";
			};
			name = Release;
		};
/* End XCBuildConfiguration section */

/* Begin XCConfigurationList section */
		CF61E8192A88B4DE0046BA30 /* Build configuration list for PBXProject "WeatherApp" */ = {
			isa = XCConfigurationList;
			buildConfigurations = (
				CF61E8332A88B4DE0046BA30 /* Debug */,
				CF61E8342A88B4DE0046BA30 /* Release */,
			);
			defaultConfigurationIsVisible = 0;
			defaultConfigurationName = Release;
		};
		CF61E8352A88B4DE0046BA30 /* Build configuration list for PBXNativeTarget "WeatherApp" */ = {
			isa = XCConfigurationList;
			buildConfigurations = (
				CF61E8362A88B4DE0046BA30 /* Debug */,
				CF61E8372A88B4DE0046BA30 /* Release */,
			);
			defaultConfigurationIsVisible = 0;
			defaultConfigurationName = Release;
		};
/* End XCConfigurationList section */

/* Begin XCRemoteSwiftPackageReference section */
		CF2DC1652A89DAEE004E88C2 /* XCRemoteSwiftPackageReference "SDWebImage" */ = {
			isa = XCRemoteSwiftPackageReference;
			repositoryURL = "https://github.com/SDWebImage/SDWebImage.git";
			requirement = {
				kind = upToNextMajorVersion;
				minimumVersion = 5.0.0;
			};
		};
		CF61E84E2A88B9E70046BA30 /* XCRemoteSwiftPackageReference "RxSwift" */ = {
			isa = XCRemoteSwiftPackageReference;
			repositoryURL = "https://github.com/ReactiveX/RxSwift.git";
			requirement = {
				kind = upToNextMajorVersion;
				minimumVersion = 6.0.0;
			};
		};
		CF61E85F2A88C3570046BA30 /* XCRemoteSwiftPackageReference "RxDataSources" */ = {
			isa = XCRemoteSwiftPackageReference;
			repositoryURL = "https://github.com/RxSwiftCommunity/RxDataSources.git";
			requirement = {
				kind = upToNextMajorVersion;
				minimumVersion = 5.0.0;
			};
		};
		CF61E8802A88DF430046BA30 /* XCRemoteSwiftPackageReference "SnapKit" */ = {
			isa = XCRemoteSwiftPackageReference;
			repositoryURL = "https://github.com/SnapKit/SnapKit.git";
			requirement = {
				kind = upToNextMajorVersion;
				minimumVersion = 5.0.0;
			};
		};
/* End XCRemoteSwiftPackageReference section */

/* Begin XCSwiftPackageProductDependency section */
		CF2DC1662A89DAEE004E88C2 /* SDWebImage */ = {
			isa = XCSwiftPackageProductDependency;
			package = CF2DC1652A89DAEE004E88C2 /* XCRemoteSwiftPackageReference "SDWebImage" */;
			productName = SDWebImage;
		};
		CF61E84F2A88B9E70046BA30 /* RxCocoa */ = {
			isa = XCSwiftPackageProductDependency;
			package = CF61E84E2A88B9E70046BA30 /* XCRemoteSwiftPackageReference "RxSwift" */;
			productName = RxCocoa;
		};
		CF61E8512A88B9E70046BA30 /* RxRelay */ = {
			isa = XCSwiftPackageProductDependency;
			package = CF61E84E2A88B9E70046BA30 /* XCRemoteSwiftPackageReference "RxSwift" */;
			productName = RxRelay;
		};
		CF61E8532A88B9E70046BA30 /* RxSwift */ = {
			isa = XCSwiftPackageProductDependency;
			package = CF61E84E2A88B9E70046BA30 /* XCRemoteSwiftPackageReference "RxSwift" */;
			productName = RxSwift;
		};
		CF61E8602A88C3570046BA30 /* RxDataSources */ = {
			isa = XCSwiftPackageProductDependency;
			package = CF61E85F2A88C3570046BA30 /* XCRemoteSwiftPackageReference "RxDataSources" */;
			productName = RxDataSources;
		};
		CF61E8812A88DF430046BA30 /* SnapKit */ = {
			isa = XCSwiftPackageProductDependency;
			package = CF61E8802A88DF430046BA30 /* XCRemoteSwiftPackageReference "SnapKit" */;
			productName = SnapKit;
		};
/* End XCSwiftPackageProductDependency section */

/* Begin XCVersionGroup section */
		CF61E82A2A88B4DE0046BA30 /* WeatherApp.xcdatamodeld */ = {
			isa = XCVersionGroup;
			children = (
				CF61E82B2A88B4DE0046BA30 /* WeatherApp.xcdatamodel */,
			);
			currentVersion = CF61E82B2A88B4DE0046BA30 /* WeatherApp.xcdatamodel */;
			path = WeatherApp.xcdatamodeld;
			sourceTree = "<group>";
			versionGroupType = wrapper.xcdatamodel;
		};
/* End XCVersionGroup section */
	};
	rootObject = CF61E8162A88B4DE0046BA30 /* Project object */;
}
